
Microsoft Visual Studio Solution File, Format Version 12.00
# Visual Studio Version 16
VisualStudioVersion = 16.0.35130.168
MinimumVisualStudioVersion = 10.0.40219.1
Project("{8BC9CEB8-8B4A-11D0-8D11-00A0C91BC942}") = "iware-lib-static", "iware-lib-static.vcxproj", "{84B594FD-1A96-47F4-8DBD-95F957E1CF8A}"
EndProject
Project("{8BC9CEB8-8B4A-11D0-8D11-00A0C91BC942}") = "windows10-test", "..\..\examples\windows10-test.vcxproj", "{A2354F46-C3A4-4DED-B123-4C330A4AEA3C}"
EndProject
Global
	GlobalSection(SolutionConfigurationPlatforms) = preSolution
		Debug|x64 = Debug|x64
		Debug|x86 = Debug|x86
		Release|x64 = Release|x64
		Release|x86 = Release|x86
	EndGlobalSection
	GlobalSection(ProjectConfigurationPlatforms) = postSolution
		{84B594FD-1A96-47F4-8DBD-95F957E1CF8A}.Debug|x64.ActiveCfg = Debug|x64
		{84B594FD-1A96-47F4-8DBD-95F957E1CF8A}.Debug|x64.Build.0 = Debug|x64
		{84B594FD-1A96-47F4-8DBD-95F957E1CF8A}.Debug|x86.ActiveCfg = Debug|Win32
		{84B594FD-1A96-47F4-8DBD-95F957E1CF8A}.Debug|x86.Build.0 = Debug|Win32
		{84B594FD-1A96-47F4-8DBD-95F957E1CF8A}.Release|x64.ActiveCfg = Release|x64
		{84B594FD-1A96-47F4-8DBD-95F957E1CF8A}.Release|x64.Build.0 = Release|x64
		{84B594FD-1A96-47F4-8DBD-95F957E1CF8A}.Release|x86.ActiveCfg = Release|Win32
		{84B594FD-1A96-47F4-8DBD-95F957E1CF8A}.Release|x86.Build.0 = Release|Win32
		{A2354F46-C3A4-4DED-B123-4C330A4AEA3C}.Debug|x64.ActiveCfg = Debug|x64
		{A2354F46-C3A4-4DED-B123-4C330A4AEA3C}.Debug|x64.Build.0 = Debug|x64
		{A2354F46-C3A4-4DED-B123-4C330A4AEA3C}.Debug|x86.ActiveCfg = Debug|Win32
		{A2354F46-C3A4-4DED-B123-4C330A4AEA3C}.Debug|x86.Build.0 = Debug|Win32
		{A2354F46-C3A4-4DED-B123-4C330A4AEA3C}.Release|x64.ActiveCfg = Release|x64
		{A2354F46-C3A4-4DED-B123-4C330A4AEA3C}.Release|x64.Build.0 = Release|x64
		{A2354F46-C3A4-4DED-B123-4C330A4AEA3C}.Release|x86.ActiveCfg = Release|Win32
		{A2354F46-C3A4-4DED-B123-4C330A4AEA3C}.Release|x86.Build.0 = Release|Win32
	EndGlobalSection
	GlobalSection(SolutionProperties) = preSolution
		HideSolutionNode = FALSE
	EndGlobalSection
	GlobalSection(ExtensibilityGlobals) = postSolution
		SolutionGuid = {150002C5-68D2-4F10-856F-D7C8ED853CA9}
	EndGlobalSection
EndGlobal
